
Microsoft Visual Studio Solution File, Format Version 12.00
# Visual Studio Version 17
VisualStudioVersion = 17.4.33213.308
MinimumVisualStudioVersion = 10.0.40219.1
Project("{FAE04EC0-301F-11D3-BF4B-00C04F79EFBC}") = "programming009.LibraryManagement", "programming009.LibraryManagement\programming009.LibraryManagement.csproj", "{F1EF2F52-A145-4B6F-A788-6452A104B36D}"
EndProject
Global
	GlobalSection(SolutionConfigurationPlatforms) = preSolution
		Debug|Any CPU = Debug|Any CPU
		Release|Any CPU = Release|Any CPU
	EndGlobalSection
	GlobalSection(ProjectConfigurationPlatforms) = postSolution
		{F1EF2F52-A145-4B6F-A788-6452A104B36D}.Debug|Any CPU.ActiveCfg = Debug|Any CPU
		{F1EF2F52-A145-4B6F-A788-6452A104B36D}.Debug|Any CPU.Build.0 = Debug|Any CPU
		{F1EF2F52-A145-4B6F-A788-6452A104B36D}.Release|Any CPU.ActiveCfg = Release|Any CPU
		{F1EF2F52-A145-4B6F-A788-6452A104B36D}.Release|Any CPU.Build.0 = Release|Any CPU
	EndGlobalSection
	GlobalSection(SolutionProperties) = preSolution
		HideSolutionNode = FALSE
	EndGlobalSection
	GlobalSection(ExtensibilityGlobals) = postSolution
		SolutionGuid = {5B3169D1-4AE8-4014-BC59-E9A4D0BA0DED}
	EndGlobalSection
EndGlobal
